
Microsoft Visual Studio Solution File, Format Version 12.00
# Visual Studio Version 16
VisualStudioVersion = 25.0.1706.4
MinimumVisualStudioVersion = 10.0.40219.1
Project("{FAE04EC0-301F-11D3-BF4B-00C04F79EFBC}") = "httplist", "httplist.csproj", "{6C89275A-21B1-4DDA-AF3C-4750CDB7BBEE}"
EndProject
Global
	GlobalSection(SolutionConfigurationPlatforms) = preSolution
		Debug|Any CPU = Debug|Any CPU
		Release|Any CPU = Release|Any CPU
	EndGlobalSection
	GlobalSection(ProjectConfigurationPlatforms) = postSolution
		{6C89275A-21B1-4DDA-AF3C-4750CDB7BBEE}.Debug|Any CPU.ActiveCfg = Debug|Any CPU
		{6C89275A-21B1-4DDA-AF3C-4750CDB7BBEE}.Debug|Any CPU.Build.0 = Debug|Any CPU
		{6C89275A-21B1-4DDA-AF3C-4750CDB7BBEE}.Release|Any CPU.ActiveCfg = Release|Any CPU
		{6C89275A-21B1-4DDA-AF3C-4750CDB7BBEE}.Release|Any CPU.Build.0 = Release|Any CPU
	EndGlobalSection
	GlobalSection(SolutionProperties) = preSolution
		HideSolutionNode = FALSE
	EndGlobalSection
	GlobalSection(ExtensibilityGlobals) = postSolution
		SolutionGuid = {D8F74351-8FA5-41EC-9B51-032DBE8BE4E3}
	EndGlobalSection
EndGlobal
