
Microsoft Visual Studio Solution File, Format Version 12.00
# Visual Studio Version 17
VisualStudioVersion = 17.9.34728.123
MinimumVisualStudioVersion = 10.0.40219.1
Project("{8BC9CEB8-8B4A-11D0-8D11-00A0C91BC942}") = "HostApp", "HostApp\HostApp.vcxproj", "{8C607624-3ABF-40A8-8901-C0F1D75961F4}"
EndProject
Project("{8BC9CEB8-8B4A-11D0-8D11-00A0C91BC942}") = "ModuleX64", "ModuleX64\ModuleX64.vcxproj", "{51D0840E-8137-4D7A-8116-E581E9556A94}"
EndProject
Project("{8BC9CEB8-8B4A-11D0-8D11-00A0C91BC942}") = "ModuleARM64EC", "ModuleARM64EC\ModuleARM64EC.vcxproj", "{FFEE785F-7E6E-42D1-99B6-EBEF0B0495AF}"
EndProject
Project("{8BC9CEB8-8B4A-11D0-8D11-00A0C91BC942}") = "ModuleARM64", "ModuleARM64\ModuleARM64.vcxproj", "{85D9F099-D158-47CD-9C0F-13567ECCBC77}"
EndProject
Global
	GlobalSection(SolutionConfigurationPlatforms) = preSolution
		Debug|ARM64 = Debug|ARM64
		Debug|ARM64EC = Debug|ARM64EC
		Debug|x64 = Debug|x64
		Release|ARM64 = Release|ARM64
		Release|ARM64EC = Release|ARM64EC
		Release|x64 = Release|x64
	EndGlobalSection
	GlobalSection(ProjectConfigurationPlatforms) = postSolution
		{8C607624-3ABF-40A8-8901-C0F1D75961F4}.Debug|ARM64.ActiveCfg = Debug|ARM64
		{8C607624-3ABF-40A8-8901-C0F1D75961F4}.Debug|ARM64.Build.0 = Debug|ARM64
		{8C607624-3ABF-40A8-8901-C0F1D75961F4}.Debug|ARM64EC.ActiveCfg = Debug|ARM64EC
		{8C607624-3ABF-40A8-8901-C0F1D75961F4}.Debug|ARM64EC.Build.0 = Debug|ARM64EC
		{8C607624-3ABF-40A8-8901-C0F1D75961F4}.Debug|x64.ActiveCfg = Debug|x64
		{8C607624-3ABF-40A8-8901-C0F1D75961F4}.Debug|x64.Build.0 = Debug|x64
		{8C607624-3ABF-40A8-8901-C0F1D75961F4}.Release|ARM64.ActiveCfg = Release|ARM64
		{8C607624-3ABF-40A8-8901-C0F1D75961F4}.Release|ARM64.Build.0 = Release|ARM64
		{8C607624-3ABF-40A8-8901-C0F1D75961F4}.Release|ARM64EC.ActiveCfg = Release|ARM64EC
		{8C607624-3ABF-40A8-8901-C0F1D75961F4}.Release|ARM64EC.Build.0 = Release|ARM64EC
		{8C607624-3ABF-40A8-8901-C0F1D75961F4}.Release|x64.ActiveCfg = Release|x64
		{8C607624-3ABF-40A8-8901-C0F1D75961F4}.Release|x64.Build.0 = Release|x64
		{51D0840E-8137-4D7A-8116-E581E9556A94}.Debug|ARM64.ActiveCfg = Debug|x64
		{51D0840E-8137-4D7A-8116-E581E9556A94}.Debug|ARM64EC.ActiveCfg = Debug|x64
		{51D0840E-8137-4D7A-8116-E581E9556A94}.Debug|ARM64EC.Build.0 = Debug|x64
		{51D0840E-8137-4D7A-8116-E581E9556A94}.Debug|x64.ActiveCfg = Debug|x64
		{51D0840E-8137-4D7A-8116-E581E9556A94}.Debug|x64.Build.0 = Debug|x64
		{51D0840E-8137-4D7A-8116-E581E9556A94}.Release|ARM64.ActiveCfg = Release|x64
		{51D0840E-8137-4D7A-8116-E581E9556A94}.Release|ARM64EC.ActiveCfg = Release|x64
		{51D0840E-8137-4D7A-8116-E581E9556A94}.Release|ARM64EC.Build.0 = Release|x64
		{51D0840E-8137-4D7A-8116-E581E9556A94}.Release|x64.ActiveCfg = Release|x64
		{51D0840E-8137-4D7A-8116-E581E9556A94}.Release|x64.Build.0 = Release|x64
		{FFEE785F-7E6E-42D1-99B6-EBEF0B0495AF}.Debug|ARM64.ActiveCfg = Debug|ARM64EC
		{FFEE785F-7E6E-42D1-99B6-EBEF0B0495AF}.Debug|ARM64EC.ActiveCfg = Debug|ARM64EC
		{FFEE785F-7E6E-42D1-99B6-EBEF0B0495AF}.Debug|ARM64EC.Build.0 = Debug|ARM64EC
		{FFEE785F-7E6E-42D1-99B6-EBEF0B0495AF}.Debug|x64.ActiveCfg = Debug|ARM64EC
		{FFEE785F-7E6E-42D1-99B6-EBEF0B0495AF}.Release|ARM64.ActiveCfg = Release|ARM64EC
		{FFEE785F-7E6E-42D1-99B6-EBEF0B0495AF}.Release|ARM64EC.ActiveCfg = Release|ARM64EC
		{FFEE785F-7E6E-42D1-99B6-EBEF0B0495AF}.Release|ARM64EC.Build.0 = Release|ARM64EC
		{FFEE785F-7E6E-42D1-99B6-EBEF0B0495AF}.Release|x64.ActiveCfg = Release|ARM64EC
		{85D9F099-D158-47CD-9C0F-13567ECCBC77}.Debug|ARM64.ActiveCfg = Debug|ARM64
		{85D9F099-D158-47CD-9C0F-13567ECCBC77}.Debug|ARM64.Build.0 = Debug|ARM64
		{85D9F099-D158-47CD-9C0F-13567ECCBC77}.Debug|ARM64EC.ActiveCfg = Debug|ARM64
		{85D9F099-D158-47CD-9C0F-13567ECCBC77}.Debug|x64.ActiveCfg = Debug|ARM64
		{85D9F099-D158-47CD-9C0F-13567ECCBC77}.Release|ARM64.ActiveCfg = Release|ARM64
		{85D9F099-D158-47CD-9C0F-13567ECCBC77}.Release|ARM64.Build.0 = Release|ARM64
		{85D9F099-D158-47CD-9C0F-13567ECCBC77}.Release|ARM64EC.ActiveCfg = Release|ARM64
		{85D9F099-D158-47CD-9C0F-13567ECCBC77}.Release|x64.ActiveCfg = Release|ARM64
	EndGlobalSection
	GlobalSection(SolutionProperties) = preSolution
		HideSolutionNode = FALSE
	EndGlobalSection
	GlobalSection(ExtensibilityGlobals) = postSolution
		SolutionGuid = {C13A0FD5-A314-4C13-8F9D-C74FA9F7A348}
	EndGlobalSection
EndGlobal
